
Microsoft Visual Studio Solution File, Format Version 12.00
# Visual Studio 2012
Project("{FAE04EC0-301F-11D3-BF4B-00C04F79EFBC}") = "UnityVS.8nights2.CSharp.Plugins", "UnityVS.8nights2.CSharp.Plugins.csproj", "{DC01577D-9D98-0378-9BB5-BFA16661C88D}"
EndProject
Project("{FAE04EC0-301F-11D3-BF4B-00C04F79EFBC}") = "UnityVS.8nights2.CSharp", "UnityVS.8nights2.CSharp.csproj", "{D8269E77-B41C-0B73-ED0D-5BB30F884C9F}"
EndProject
Project("{FAE04EC0-301F-11D3-BF4B-00C04F79EFBC}") = "UnityVS.8nights2.CSharp.Editor.Plugins", "UnityVS.8nights2.CSharp.Editor.Plugins.csproj", "{35F7CB9F-FA6D-0DEC-8884-61405B55599B}"
EndProject
Project("{FAE04EC0-301F-11D3-BF4B-00C04F79EFBC}") = "UnityVS.8nights2.CSharp.Editor", "UnityVS.8nights2.CSharp.Editor.csproj", "{8CB5AF36-B1D0-C1D5-B1C4-27F9773EB2C6}"
EndProject
Global
	GlobalSection(SolutionConfigurationPlatforms) = preSolution
		Debug|Any CPU = Debug|Any CPU
		Release|Any CPU = Release|Any CPU
	EndGlobalSection
	GlobalSection(ProjectConfigurationPlatforms) = postSolution
		{DC01577D-9D98-0378-9BB5-BFA16661C88D}.Debug|Any CPU.ActiveCfg = Debug|Any CPU
		{DC01577D-9D98-0378-9BB5-BFA16661C88D}.Debug|Any CPU.Build.0 = Debug|Any CPU
		{DC01577D-9D98-0378-9BB5-BFA16661C88D}.Release|Any CPU.ActiveCfg = Release|Any CPU
		{DC01577D-9D98-0378-9BB5-BFA16661C88D}.Release|Any CPU.Build.0 = Release|Any CPU
		{D8269E77-B41C-0B73-ED0D-5BB30F884C9F}.Debug|Any CPU.ActiveCfg = Debug|Any CPU
		{D8269E77-B41C-0B73-ED0D-5BB30F884C9F}.Debug|Any CPU.Build.0 = Debug|Any CPU
		{D8269E77-B41C-0B73-ED0D-5BB30F884C9F}.Release|Any CPU.ActiveCfg = Release|Any CPU
		{D8269E77-B41C-0B73-ED0D-5BB30F884C9F}.Release|Any CPU.Build.0 = Release|Any CPU
		{35F7CB9F-FA6D-0DEC-8884-61405B55599B}.Debug|Any CPU.ActiveCfg = Debug|Any CPU
		{35F7CB9F-FA6D-0DEC-8884-61405B55599B}.Debug|Any CPU.Build.0 = Debug|Any CPU
		{35F7CB9F-FA6D-0DEC-8884-61405B55599B}.Release|Any CPU.ActiveCfg = Release|Any CPU
		{35F7CB9F-FA6D-0DEC-8884-61405B55599B}.Release|Any CPU.Build.0 = Release|Any CPU
		{8CB5AF36-B1D0-C1D5-B1C4-27F9773EB2C6}.Debug|Any CPU.ActiveCfg = Debug|Any CPU
		{8CB5AF36-B1D0-C1D5-B1C4-27F9773EB2C6}.Debug|Any CPU.Build.0 = Debug|Any CPU
		{8CB5AF36-B1D0-C1D5-B1C4-27F9773EB2C6}.Release|Any CPU.ActiveCfg = Release|Any CPU
		{8CB5AF36-B1D0-C1D5-B1C4-27F9773EB2C6}.Release|Any CPU.Build.0 = Release|Any CPU
	EndGlobalSection
	GlobalSection(SolutionProperties) = preSolution
		HideSolutionNode = FALSE
	EndGlobalSection
EndGlobal
